
Microsoft Visual Studio Solution File, Format Version 12.00
# Visual Studio Version 17
VisualStudioVersion = 17.0.31903.59
MinimumVisualStudioVersion = 10.0.40219.1
Project("{FAE04EC0-301F-11D3-BF4B-00C04F79EFBC}") = "API", "API\API.csproj", "{07EFCF9B-9BA0-4DB7-824E-DF5C9FC90957}"
EndProject
Project("{FAE04EC0-301F-11D3-BF4B-00C04F79EFBC}") = "Domain", "Domain\Domain.csproj", "{009B47C8-AA5D-47D0-90A0-AD03F34BABA9}"
EndProject
Project("{FAE04EC0-301F-11D3-BF4B-00C04F79EFBC}") = "Application", "Application\Application.csproj", "{95D86332-A293-4D78-B00F-9F581C920B63}"
EndProject
Project("{FAE04EC0-301F-11D3-BF4B-00C04F79EFBC}") = "Persistence", "Persistence\Persistence.csproj", "{8D205264-1DBC-453D-9330-AE4274ACF35E}"
EndProject
Project("{FAE04EC0-301F-11D3-BF4B-00C04F79EFBC}") = "Infrastructure", "Infrastructure\Infrastructure.csproj", "{AD25F8DC-E5F4-4D69-B2D5-2697988004A2}"
EndProject
Global
	GlobalSection(SolutionConfigurationPlatforms) = preSolution
		Debug|Any CPU = Debug|Any CPU
		Debug|x64 = Debug|x64
		Debug|x86 = Debug|x86
		Release|Any CPU = Release|Any CPU
		Release|x64 = Release|x64
		Release|x86 = Release|x86
	EndGlobalSection
	GlobalSection(ProjectConfigurationPlatforms) = postSolution
		{07EFCF9B-9BA0-4DB7-824E-DF5C9FC90957}.Debug|Any CPU.ActiveCfg = Debug|Any CPU
		{07EFCF9B-9BA0-4DB7-824E-DF5C9FC90957}.Debug|Any CPU.Build.0 = Debug|Any CPU
		{07EFCF9B-9BA0-4DB7-824E-DF5C9FC90957}.Debug|x64.ActiveCfg = Debug|Any CPU
		{07EFCF9B-9BA0-4DB7-824E-DF5C9FC90957}.Debug|x64.Build.0 = Debug|Any CPU
		{07EFCF9B-9BA0-4DB7-824E-DF5C9FC90957}.Debug|x86.ActiveCfg = Debug|Any CPU
		{07EFCF9B-9BA0-4DB7-824E-DF5C9FC90957}.Debug|x86.Build.0 = Debug|Any CPU
		{07EFCF9B-9BA0-4DB7-824E-DF5C9FC90957}.Release|Any CPU.ActiveCfg = Release|Any CPU
		{07EFCF9B-9BA0-4DB7-824E-DF5C9FC90957}.Release|Any CPU.Build.0 = Release|Any CPU
		{07EFCF9B-9BA0-4DB7-824E-DF5C9FC90957}.Release|x64.ActiveCfg = Release|Any CPU
		{07EFCF9B-9BA0-4DB7-824E-DF5C9FC90957}.Release|x64.Build.0 = Release|Any CPU
		{07EFCF9B-9BA0-4DB7-824E-DF5C9FC90957}.Release|x86.ActiveCfg = Release|Any CPU
		{07EFCF9B-9BA0-4DB7-824E-DF5C9FC90957}.Release|x86.Build.0 = Release|Any CPU
		{009B47C8-AA5D-47D0-90A0-AD03F34BABA9}.Debug|Any CPU.ActiveCfg = Debug|Any CPU
		{009B47C8-AA5D-47D0-90A0-AD03F34BABA9}.Debug|Any CPU.Build.0 = Debug|Any CPU
		{009B47C8-AA5D-47D0-90A0-AD03F34BABA9}.Debug|x64.ActiveCfg = Debug|Any CPU
		{009B47C8-AA5D-47D0-90A0-AD03F34BABA9}.Debug|x64.Build.0 = Debug|Any CPU
		{009B47C8-AA5D-47D0-90A0-AD03F34BABA9}.Debug|x86.ActiveCfg = Debug|Any CPU
		{009B47C8-AA5D-47D0-90A0-AD03F34BABA9}.Debug|x86.Build.0 = Debug|Any CPU
		{009B47C8-AA5D-47D0-90A0-AD03F34BABA9}.Release|Any CPU.ActiveCfg = Release|Any CPU
		{009B47C8-AA5D-47D0-90A0-AD03F34BABA9}.Release|Any CPU.Build.0 = Release|Any CPU
		{009B47C8-AA5D-47D0-90A0-AD03F34BABA9}.Release|x64.ActiveCfg = Release|Any CPU
		{009B47C8-AA5D-47D0-90A0-AD03F34BABA9}.Release|x64.Build.0 = Release|Any CPU
		{009B47C8-AA5D-47D0-90A0-AD03F34BABA9}.Release|x86.ActiveCfg = Release|Any CPU
		{009B47C8-AA5D-47D0-90A0-AD03F34BABA9}.Release|x86.Build.0 = Release|Any CPU
		{95D86332-A293-4D78-B00F-9F581C920B63}.Debug|Any CPU.ActiveCfg = Debug|Any CPU
		{95D86332-A293-4D78-B00F-9F581C920B63}.Debug|Any CPU.Build.0 = Debug|Any CPU
		{95D86332-A293-4D78-B00F-9F581C920B63}.Debug|x64.ActiveCfg = Debug|Any CPU
		{95D86332-A293-4D78-B00F-9F581C920B63}.Debug|x64.Build.0 = Debug|Any CPU
		{95D86332-A293-4D78-B00F-9F581C920B63}.Debug|x86.ActiveCfg = Debug|Any CPU
		{95D86332-A293-4D78-B00F-9F581C920B63}.Debug|x86.Build.0 = Debug|Any CPU
		{95D86332-A293-4D78-B00F-9F581C920B63}.Release|Any CPU.ActiveCfg = Release|Any CPU
		{95D86332-A293-4D78-B00F-9F581C920B63}.Release|Any CPU.Build.0 = Release|Any CPU
		{95D86332-A293-4D78-B00F-9F581C920B63}.Release|x64.ActiveCfg = Release|Any CPU
		{95D86332-A293-4D78-B00F-9F581C920B63}.Release|x64.Build.0 = Release|Any CPU
		{95D86332-A293-4D78-B00F-9F581C920B63}.Release|x86.ActiveCfg = Release|Any CPU
		{95D86332-A293-4D78-B00F-9F581C920B63}.Release|x86.Build.0 = Release|Any CPU
		{8D205264-1DBC-453D-9330-AE4274ACF35E}.Debug|Any CPU.ActiveCfg = Debug|Any CPU
		{8D205264-1DBC-453D-9330-AE4274ACF35E}.Debug|Any CPU.Build.0 = Debug|Any CPU
		{8D205264-1DBC-453D-9330-AE4274ACF35E}.Debug|x64.ActiveCfg = Debug|Any CPU
		{8D205264-1DBC-453D-9330-AE4274ACF35E}.Debug|x64.Build.0 = Debug|Any CPU
		{8D205264-1DBC-453D-9330-AE4274ACF35E}.Debug|x86.ActiveCfg = Debug|Any CPU
		{8D205264-1DBC-453D-9330-AE4274ACF35E}.Debug|x86.Build.0 = Debug|Any CPU
		{8D205264-1DBC-453D-9330-AE4274ACF35E}.Release|Any CPU.ActiveCfg = Release|Any CPU
		{8D205264-1DBC-453D-9330-AE4274ACF35E}.Release|Any CPU.Build.0 = Release|Any CPU
		{8D205264-1DBC-453D-9330-AE4274ACF35E}.Release|x64.ActiveCfg = Release|Any CPU
		{8D205264-1DBC-453D-9330-AE4274ACF35E}.Release|x64.Build.0 = Release|Any CPU
		{8D205264-1DBC-453D-9330-AE4274ACF35E}.Release|x86.ActiveCfg = Release|Any CPU
		{8D205264-1DBC-453D-9330-AE4274ACF35E}.Release|x86.Build.0 = Release|Any CPU
		{AD25F8DC-E5F4-4D69-B2D5-2697988004A2}.Debug|Any CPU.ActiveCfg = Debug|Any CPU
		{AD25F8DC-E5F4-4D69-B2D5-2697988004A2}.Debug|Any CPU.Build.0 = Debug|Any CPU
		{AD25F8DC-E5F4-4D69-B2D5-2697988004A2}.Debug|x64.ActiveCfg = Debug|Any CPU
		{AD25F8DC-E5F4-4D69-B2D5-2697988004A2}.Debug|x64.Build.0 = Debug|Any CPU
		{AD25F8DC-E5F4-4D69-B2D5-2697988004A2}.Debug|x86.ActiveCfg = Debug|Any CPU
		{AD25F8DC-E5F4-4D69-B2D5-2697988004A2}.Debug|x86.Build.0 = Debug|Any CPU
		{AD25F8DC-E5F4-4D69-B2D5-2697988004A2}.Release|Any CPU.ActiveCfg = Release|Any CPU
		{AD25F8DC-E5F4-4D69-B2D5-2697988004A2}.Release|Any CPU.Build.0 = Release|Any CPU
		{AD25F8DC-E5F4-4D69-B2D5-2697988004A2}.Release|x64.ActiveCfg = Release|Any CPU
		{AD25F8DC-E5F4-4D69-B2D5-2697988004A2}.Release|x64.Build.0 = Release|Any CPU
		{AD25F8DC-E5F4-4D69-B2D5-2697988004A2}.Release|x86.ActiveCfg = Release|Any CPU
		{AD25F8DC-E5F4-4D69-B2D5-2697988004A2}.Release|x86.Build.0 = Release|Any CPU
	EndGlobalSection
	GlobalSection(SolutionProperties) = preSolution
		HideSolutionNode = FALSE
	EndGlobalSection
EndGlobal
